
Microsoft Visual Studio Solution File, Format Version 12.00
# Visual Studio Version 17
VisualStudioVersion = 17.7.34221.43
MinimumVisualStudioVersion = 10.0.40219.1
Project("{9A19103F-16F7-4668-BE54-9A1E7A4F7556}") = "PourlyTranslated", "PourlyTranslated\PourlyTranslated.csproj", "{080CA478-DBA4-4219-A5B5-2915720D6DE3}"
EndProject
Project("{2150E333-8FDC-42A3-9474-1A3956D46DE8}") = "Solution Items", "Solution Items", "{B35B7393-2F06-459C-889B-4786AAF28129}"
EndProject
Global
	GlobalSection(SolutionConfigurationPlatforms) = preSolution
		Debug|Any CPU = Debug|Any CPU
		Release|Any CPU = Release|Any CPU
	EndGlobalSection
	GlobalSection(ProjectConfigurationPlatforms) = postSolution
		{080CA478-DBA4-4219-A5B5-2915720D6DE3}.Debug|Any CPU.ActiveCfg = Debug|Any CPU
		{080CA478-DBA4-4219-A5B5-2915720D6DE3}.Debug|Any CPU.Build.0 = Debug|Any CPU
		{080CA478-DBA4-4219-A5B5-2915720D6DE3}.Release|Any CPU.ActiveCfg = Release|Any CPU
		{080CA478-DBA4-4219-A5B5-2915720D6DE3}.Release|Any CPU.Build.0 = Release|Any CPU
	EndGlobalSection
	GlobalSection(SolutionProperties) = preSolution
		HideSolutionNode = FALSE
	EndGlobalSection
	GlobalSection(ExtensibilityGlobals) = postSolution
		SolutionGuid = {E12F8970-3227-4F32-BF2B-D3E75010C7A2}
	EndGlobalSection
EndGlobal
